Microsoft Visual Studio Solution File, Format Version 12.00
# Visual Studio Version 17
VisualStudioVersion = 17.4.33122.133
MinimumVisualStudioVersion = 10.0.40219.1
Project("{8BC9CEB8-8B4A-11D0-8D11-00A0C91BC942}") = "CryGame", "CryGame\CryGame.vcxproj", "{A7EC04A5-D65C-4C45-969C-D842823446ED}"
EndProject
Global
	GlobalSection(SolutionConfigurationPlatforms) = preSolution
		Debug|x86 = Debug|x86
		Debug64|x86 = Debug64|x86
		Profile|x86 = Profile|x86
		Release|x86 = Release|x86
		Release64|x86 = Release64|x86
	EndGlobalSection
	GlobalSection(ProjectConfigurationPlatforms) = postSolution
		{A7EC04A5-D65C-4C45-969C-D842823446ED}.Debug|x86.ActiveCfg = Debug|Win32
		{A7EC04A5-D65C-4C45-969C-D842823446ED}.Debug|x86.Build.0 = Debug|Win32
		{A7EC04A5-D65C-4C45-969C-D842823446ED}.Debug64|x86.ActiveCfg = Debug64|Win32
		{A7EC04A5-D65C-4C45-969C-D842823446ED}.Debug64|x86.Build.0 = Debug64|Win32
		{A7EC04A5-D65C-4C45-969C-D842823446ED}.Profile|x86.ActiveCfg = Profile|Win32
		{A7EC04A5-D65C-4C45-969C-D842823446ED}.Profile|x86.Build.0 = Profile|Win32
		{A7EC04A5-D65C-4C45-969C-D842823446ED}.Release|x86.ActiveCfg = Release|Win32
		{A7EC04A5-D65C-4C45-969C-D842823446ED}.Release|x86.Build.0 = Release|Win32
		{A7EC04A5-D65C-4C45-969C-D842823446ED}.Release64|x86.ActiveCfg = Release64|Win32
		{A7EC04A5-D65C-4C45-969C-D842823446ED}.Release64|x86.Build.0 = Release64|Win32
	EndGlobalSection
	GlobalSection(SolutionProperties) = preSolution
		HideSolutionNode = FALSE
	EndGlobalSection
	GlobalSection(ExtensibilityGlobals) = postSolution
		SolutionGuid = {45D02B22-E82A-49D6-95C3-5ACF5EC16AB3}
	EndGlobalSection
EndGlobal
